
Microsoft Visual Studio Solution File, Format Version 12.00
Project("{FAE04EC0-301F-11D3-BF4B-00C04F79EFBC}") = "kolos1s27799", "kolos1s27799\kolos1s27799.csproj", "{FBD7EC2F-6F4F-4CAC-B422-9DA786FB36A9}"
EndProject
Global
	GlobalSection(SolutionConfigurationPlatforms) = preSolution
		Debug|Any CPU = Debug|Any CPU
		Release|Any CPU = Release|Any CPU
	EndGlobalSection
	GlobalSection(ProjectConfigurationPlatforms) = postSolution
		{FBD7EC2F-6F4F-4CAC-B422-9DA786FB36A9}.Debug|Any CPU.ActiveCfg = Debug|Any CPU
		{FBD7EC2F-6F4F-4CAC-B422-9DA786FB36A9}.Debug|Any CPU.Build.0 = Debug|Any CPU
		{FBD7EC2F-6F4F-4CAC-B422-9DA786FB36A9}.Release|Any CPU.ActiveCfg = Release|Any CPU
		{FBD7EC2F-6F4F-4CAC-B422-9DA786FB36A9}.Release|Any CPU.Build.0 = Release|Any CPU
	EndGlobalSection
EndGlobal
